
Microsoft Visual Studio Solution File, Format Version 12.00
# Visual Studio Version 16
VisualStudioVersion = 16.0.29806.167
MinimumVisualStudioVersion = 10.0.40219.1
Project("{9A19103F-16F7-4668-BE54-9A1E7A4F7556}") = "Demo", "Demo\Demo.csproj", "{D0B36459-E44C-4DEC-8F55-009C9CE02BD5}"
EndProject
Project("{2150E333-8FDC-42A3-9474-1A3956D46DE8}") = "Solution Items", "Solution Items", "{B64EA003-BCBC-4C3B-AC65-E6590E4A37FE}"
	ProjectSection(SolutionItems) = preProject
		README.md = README.md
	EndProjectSection
EndProject
Project("{FAE04EC0-301F-11D3-BF4B-00C04F79EFBC}") = "Demo.Applocation", "Demo.Applocation\Demo.Applocation.csproj", "{2E46EB9E-97FA-4F4B-8D6D-5BD0E5420EC1}"
EndProject
Project("{FAE04EC0-301F-11D3-BF4B-00C04F79EFBC}") = "Demo.Data", "Demo.Data\Demo.Data.csproj", "{8476C09C-F131-45B6-8547-7F2E87636EC4}"
EndProject
Global
	GlobalSection(SolutionConfigurationPlatforms) = preSolution
		Debug|Any CPU = Debug|Any CPU
		Release|Any CPU = Release|Any CPU
	EndGlobalSection
	GlobalSection(ProjectConfigurationPlatforms) = postSolution
		{D0B36459-E44C-4DEC-8F55-009C9CE02BD5}.Debug|Any CPU.ActiveCfg = Debug|Any CPU
		{D0B36459-E44C-4DEC-8F55-009C9CE02BD5}.Debug|Any CPU.Build.0 = Debug|Any CPU
		{D0B36459-E44C-4DEC-8F55-009C9CE02BD5}.Release|Any CPU.ActiveCfg = Release|Any CPU
		{D0B36459-E44C-4DEC-8F55-009C9CE02BD5}.Release|Any CPU.Build.0 = Release|Any CPU
		{2E46EB9E-97FA-4F4B-8D6D-5BD0E5420EC1}.Debug|Any CPU.ActiveCfg = Debug|Any CPU
		{2E46EB9E-97FA-4F4B-8D6D-5BD0E5420EC1}.Debug|Any CPU.Build.0 = Debug|Any CPU
		{2E46EB9E-97FA-4F4B-8D6D-5BD0E5420EC1}.Release|Any CPU.ActiveCfg = Release|Any CPU
		{2E46EB9E-97FA-4F4B-8D6D-5BD0E5420EC1}.Release|Any CPU.Build.0 = Release|Any CPU
		{8476C09C-F131-45B6-8547-7F2E87636EC4}.Debug|Any CPU.ActiveCfg = Debug|Any CPU
		{8476C09C-F131-45B6-8547-7F2E87636EC4}.Debug|Any CPU.Build.0 = Debug|Any CPU
		{8476C09C-F131-45B6-8547-7F2E87636EC4}.Release|Any CPU.ActiveCfg = Release|Any CPU
		{8476C09C-F131-45B6-8547-7F2E87636EC4}.Release|Any CPU.Build.0 = Release|Any CPU
	EndGlobalSection
	GlobalSection(SolutionProperties) = preSolution
		HideSolutionNode = FALSE
	EndGlobalSection
	GlobalSection(ExtensibilityGlobals) = postSolution
		SolutionGuid = {FD4AD506-6A91-4B54-AAA2-ADD63B880DD6}
	EndGlobalSection
EndGlobal
