
Microsoft Visual Studio Solution File, Format Version 12.00
# Visual Studio Version 16
VisualStudioVersion = 16.0.29806.167
MinimumVisualStudioVersion = 10.0.40219.1
Project("{FAE04EC0-301F-11D3-BF4B-00C04F79EFBC}") = "Demo", "Demo\Demo.csproj", "{D0B36459-E44C-4DEC-8F55-009C9CE02BD5}"
EndProject
Global
	GlobalSection(SolutionConfigurationPlatforms) = preSolution
		Debug|Any CPU = Debug|Any CPU
		Release|Any CPU = Release|Any CPU
	EndGlobalSection
	GlobalSection(ProjectConfigurationPlatforms) = postSolution
		{D0B36459-E44C-4DEC-8F55-009C9CE02BD5}.Debug|Any CPU.ActiveCfg = Debug|Any CPU
		{D0B36459-E44C-4DEC-8F55-009C9CE02BD5}.Debug|Any CPU.Build.0 = Debug|Any CPU
		{D0B36459-E44C-4DEC-8F55-009C9CE02BD5}.Release|Any CPU.ActiveCfg = Release|Any CPU
		{D0B36459-E44C-4DEC-8F55-009C9CE02BD5}.Release|Any CPU.Build.0 = Release|Any CPU
	EndGlobalSection
	GlobalSection(SolutionProperties) = preSolution
		HideSolutionNode = FALSE
	EndGlobalSection
	GlobalSection(ExtensibilityGlobals) = postSolution
		SolutionGuid = {FD4AD506-6A91-4B54-AAA2-ADD63B880DD6}
	EndGlobalSection
EndGlobal
